PODS:
  - Alamofire (4.4.0)

DEPENDENCIES:
  - Alamofire (from `https://github.com/Alamofire/Alamofire.git`)

EXTERNAL SOURCES:
  Alamofire:
    :git: https://github.com/Alamofire/Alamofire.git

CHECKOUT OPTIONS:
  Alamofire:
    :commit: 22d4d74a419917ea122c23006cbc183aea5d84f8
    :git: https://github.com/Alamofire/Alamofire.git

SPEC CHECKSUMS:
  Alamofire: 4c2bf7fa03c4a626163606de0a417568c270575e

PODFILE CHECKSUM: dd9a9996ed32818dd214495d21339b97748319f0

COCOAPODS: 1.2.1
